
Microsoft Visual Studio Solution File, Format Version 12.00
# Visual Studio Version 17
VisualStudioVersion = 17.11.35219.272
MinimumVisualStudioVersion = 10.0.40219.1
Project("{FAE04EC0-301F-11D3-BF4B-00C04F79EFBC}") = "Innovation Development", "Innovation Development\Innovation Development.csproj", "{56130283-4ED2-49D3-A44F-751C261698C8}"
EndProject
Project("{FAE04EC0-301F-11D3-BF4B-00C04F79EFBC}") = "Innovation.Development.BLL", "Innovation.Development.BLL\Innovation.Development.BLL.csproj", "{60E3DCFD-1929-4318-805C-C65741BCD878}"
EndProject
Project("{FAE04EC0-301F-11D3-BF4B-00C04F79EFBC}") = "Innovation.Development.DAL", "Innovation.Development.DAL\Innovation.Development.DAL.csproj", "{7547E26E-3F23-4D2C-B970-ABA6F3505325}"
EndProject
Global
	GlobalSection(SolutionConfigurationPlatforms) = preSolution
		Debug|Any CPU = Debug|Any CPU
		Release|Any CPU = Release|Any CPU
	EndGlobalSection
	GlobalSection(ProjectConfigurationPlatforms) = postSolution
		{56130283-4ED2-49D3-A44F-751C261698C8}.Debug|Any CPU.ActiveCfg = Debug|Any CPU
		{56130283-4ED2-49D3-A44F-751C261698C8}.Debug|Any CPU.Build.0 = Debug|Any CPU
		{56130283-4ED2-49D3-A44F-751C261698C8}.Release|Any CPU.ActiveCfg = Release|Any CPU
		{56130283-4ED2-49D3-A44F-751C261698C8}.Release|Any CPU.Build.0 = Release|Any CPU
		{60E3DCFD-1929-4318-805C-C65741BCD878}.Debug|Any CPU.ActiveCfg = Debug|Any CPU
		{60E3DCFD-1929-4318-805C-C65741BCD878}.Debug|Any CPU.Build.0 = Debug|Any CPU
		{60E3DCFD-1929-4318-805C-C65741BCD878}.Release|Any CPU.ActiveCfg = Release|Any CPU
		{60E3DCFD-1929-4318-805C-C65741BCD878}.Release|Any CPU.Build.0 = Release|Any CPU
		{7547E26E-3F23-4D2C-B970-ABA6F3505325}.Debug|Any CPU.ActiveCfg = Debug|Any CPU
		{7547E26E-3F23-4D2C-B970-ABA6F3505325}.Debug|Any CPU.Build.0 = Debug|Any CPU
		{7547E26E-3F23-4D2C-B970-ABA6F3505325}.Release|Any CPU.ActiveCfg = Release|Any CPU
		{7547E26E-3F23-4D2C-B970-ABA6F3505325}.Release|Any CPU.Build.0 = Release|Any CPU
	EndGlobalSection
	GlobalSection(SolutionProperties) = preSolution
		HideSolutionNode = FALSE
	EndGlobalSection
	GlobalSection(ExtensibilityGlobals) = postSolution
		SolutionGuid = {D899A1CD-4911-4862-9AA2-4A892D9E6D36}
	EndGlobalSection
EndGlobal
